
Microsoft Visual Studio Solution File, Format Version 12.00
# Visual Studio Version 17
VisualStudioVersion = 17.2.32516.85
MinimumVisualStudioVersion = 10.0.40219.1
Project("{FAE04EC0-301F-11D3-BF4B-00C04F79EFBC}") = "AulasPCDev01", "AulasPCDev\AulasPCDev01.csproj", "{A8AB40FB-7F7B-4B0B-B49B-E4F8B20FBF69}"
EndProject
Global
	GlobalSection(SolutionConfigurationPlatforms) = preSolution
		Debug|Any CPU = Debug|Any CPU
		Release|Any CPU = Release|Any CPU
	EndGlobalSection
	GlobalSection(ProjectConfigurationPlatforms) = postSolution
		{A8AB40FB-7F7B-4B0B-B49B-E4F8B20FBF69}.Debug|Any CPU.ActiveCfg = Debug|Any CPU
		{A8AB40FB-7F7B-4B0B-B49B-E4F8B20FBF69}.Debug|Any CPU.Build.0 = Debug|Any CPU
		{A8AB40FB-7F7B-4B0B-B49B-E4F8B20FBF69}.Release|Any CPU.ActiveCfg = Release|Any CPU
		{A8AB40FB-7F7B-4B0B-B49B-E4F8B20FBF69}.Release|Any CPU.Build.0 = Release|Any CPU
	EndGlobalSection
	GlobalSection(SolutionProperties) = preSolution
		HideSolutionNode = FALSE
	EndGlobalSection
	GlobalSection(ExtensibilityGlobals) = postSolution
		SolutionGuid = {23DEC29F-69B3-4BA5-8FDB-96E7E39C46F2}
	EndGlobalSection
EndGlobal
